// !$*UTF8*$!
{
	archiveVersion = 1;
	classes = {
	};
	objectVersion = 46;
	objects = {

/* Begin PBXBuildFile section */
		8D5877D71D83AF930012A7E1 /* AppDelegate.swift in Sources */ = {isa = PBXBuildFile; fileRef = 8D5877D61D83AF930012A7E1 /* AppDelegate.swift */; };
		8D5877D91D83AF930012A7E1 /* AuthenticationVC.swift in Sources */ = {isa = PBXBuildFile; fileRef = 8D5877D81D83AF930012A7E1 /* AuthenticationVC.swift */; };
		8D5877DC1D83AF930012A7E1 /* Main.storyboard in Resources */ = {isa = PBXBuildFile; fileRef = 8D5877DA1D83AF930012A7E1 /* Main.storyboard */; };
		8D5877DE1D83AF930012A7E1 /* Assets.xcassets in Resources */ = {isa = PBXBuildFile; fileRef = 8D5877DD1D83AF930012A7E1 /* Assets.xcassets */; };
		8D5877E11D83AF930012A7E1 /* LaunchScreen.storyboard in Resources */ = {isa = PBXBuildFile; fileRef = 8D5877DF1D83AF930012A7E1 /* LaunchScreen.storyboard */; };
		8D5877EC1D83B0B30012A7E1 /* RoundedOutlineButton.swift in Sources */ = {isa = PBXBuildFile; fileRef = 8D5877EB1D83B0B30012A7E1 /* RoundedOutlineButton.swift */; };
		8D5877EF1D83B6ED0012A7E1 /* LocalAuthentication.framework in Frameworks */ = {isa = PBXBuildFile; fileRef = 8D5877EE1D83B6ED0012A7E1 /* LocalAuthentication.framework */; };
/* End PBXBuildFile section */

/* Begin PBXFileReference section */
		8D5877D31D83AF930012A7E1 /* Touchy.app */ = {isa = PBXFileReference; explicitFileType = wrapper.application; includeInIndex = 0; path = Touchy.app; sourceTree = BUILT_PRODUCTS_DIR; };
		8D5877D61D83AF930012A7E1 /* AppDelegate.swift */ = {isa = PBXFileReference; lastKnownFileType = sourcecode.swift; path = AppDelegate.swift; sourceTree = "<group>"; };
		8D5877D81D83AF930012A7E1 /* AuthenticationVC.swift */ = {isa = PBXFileReference; lastKnownFileType = sourcecode.swift; path = AuthenticationVC.swift; sourceTree = "<group>"; };
		8D5877DB1D83AF930012A7E1 /* Base */ = {isa = PBXFileReference; lastKnownFileType = file.storyboard; name = Base; path = Base.lproj/Main.storyboard; sourceTree = "<group>"; };
		8D5877DD1D83AF930012A7E1 /* Assets.xcassets */ = {isa = PBXFileReference; lastKnownFileType = folder.assetcatalog; path = Assets.xcassets; sourceTree = "<group>"; };
		8D5877E01D83AF930012A7E1 /* Base */ = {isa = PBXFileReference; lastKnownFileType = file.storyboard; name = Base; path = Base.lproj/LaunchScreen.storyboard; sourceTree = "<group>"; };
		8D5877E21D83AF930012A7E1 /* Info.plist */ = {isa = PBXFileReference; lastKnownFileType = text.plist.xml; path = Info.plist; sourceTree = "<group>"; };
		8D5877EB1D83B0B30012A7E1 /* RoundedOutlineButton.swift */ = {isa = PBXFileReference; fileEncoding = 4; lastKnownFileType = sourcecode.swift; path = RoundedOutlineButton.swift; sourceTree = "<group>"; };
		8D5877EE1D83B6ED0012A7E1 /* LocalAuthentication.framework */ = {isa = PBXFileReference; lastKnownFileType = wrapper.framework; name = LocalAuthentication.framework; path = System/Library/Frameworks/LocalAuthentication.framework; sourceTree = SDKROOT; };
/* End PBXFileReference section */

/* Begin PBXFrameworksBuildPhase section */
		8D5877D01D83AF930012A7E1 /* Frameworks */ = {
			isa = PBXFrameworksBuildPhase;
			buildActionMask = 2147483647;
			files = (
				8D5877EF1D83B6ED0012A7E1 /* LocalAuthentication.framework in Frameworks */,
			);
			runOnlyForDeploymentPostprocessing = 0;
		};
/* End PBXFrameworksBuildPhase section */

/* Begin PBXGroup section */
		8D5877CA1D83AF930012A7E1 = {
			isa = PBXGroup;
			children = (
				8D5877D51D83AF930012A7E1 /* Touchy */,
				8D5877D41D83AF930012A7E1 /* Products */,
				8D5877ED1D83B6ED0012A7E1 /* Frameworks */,
			);
			sourceTree = "<group>";
		};
		8D5877D41D83AF930012A7E1 /* Products */ = {
			isa = PBXGroup;
			children = (
				8D5877D31D83AF930012A7E1 /* Touchy.app */,
			);
			name = Products;
			sourceTree = "<group>";
		};
		8D5877D51D83AF930012A7E1 /* Touchy */ = {
			isa = PBXGroup;
			children = (
				8D5877EA1D83AFE40012A7E1 /* Controller */,
				8D5877E91D83AFDE0012A7E1 /* View */,
				8D5877E81D83AFD80012A7E1 /* Model */,
				8D5877D61D83AF930012A7E1 /* AppDelegate.swift */,
				8D5877DA1D83AF930012A7E1 /* Main.storyboard */,
				8D5877DD1D83AF930012A7E1 /* Assets.xcassets */,
				8D5877DF1D83AF930012A7E1 /* LaunchScreen.storyboard */,
				8D5877E21D83AF930012A7E1 /* Info.plist */,
			);
			path = Touchy;
			sourceTree = "<group>";
		};
		8D5877E81D83AFD80012A7E1 /* Model */ = {
			isa = PBXGroup;
			children = (
			);
			name = Model;
			sourceTree = "<group>";
		};
		8D5877E91D83AFDE0012A7E1 /* View */ = {
			isa = PBXGroup;
			children = (
				8D5877EB1D83B0B30012A7E1 /* RoundedOutlineButton.swift */,
			);
			name = View;
			sourceTree = "<group>";
		};
		8D5877EA1D83AFE40012A7E1 /* Controller */ = {
			isa = PBXGroup;
			children = (
				8D5877D81D83AF930012A7E1 /* AuthenticationVC.swift */,
			);
			name = Controller;
			sourceTree = "<group>";
		};
		8D5877ED1D83B6ED0012A7E1 /* Frameworks */ = {
			isa = PBXGroup;
			children = (
				8D5877EE1D83B6ED0012A7E1 /* LocalAuthentication.framework */,
			);
			name = Frameworks;
			sourceTree = "<group>";
		};
/* End PBXGroup section */

/* Begin PBXNativeTarget section */
		8D5877D21D83AF930012A7E1 /* Touchy */ = {
			isa = PBXNativeTarget;
			buildConfigurationList = 8D5877E51D83AF930012A7E1 /* Build configuration list for PBXNativeTarget "Touchy" */;
			buildPhases = (
				8D5877CF1D83AF930012A7E1 /* Sources */,
				8D5877D01D83AF930012A7E1 /* Frameworks */,
				8D5877D11D83AF930012A7E1 /* Resources */,
			);
			buildRules = (
			);
			dependencies = (
			);
			name = Touchy;
			productName = Touchy;
			productReference = 8D5877D31D83AF930012A7E1 /* Touchy.app */;
			productType = "com.apple.product-type.application";
		};
/* End PBXNativeTarget section */

/* Begin PBXProject section */
		8D5877CB1D83AF930012A7E1 /* Project object */ = {
			isa = PBXProject;
			attributes = {
				LastSwiftUpdateCheck = 0800;
				LastUpgradeCheck = 0800;
				ORGANIZATIONNAME = "Fabio Cipriani";
				TargetAttributes = {
					8D5877D21D83AF930012A7E1 = {
						CreatedOnToolsVersion = 8.0;
						DevelopmentTeam = 2G7GKVJVL4;
						ProvisioningStyle = Automatic;
					};
				};
			};
			buildConfigurationList = 8D5877CE1D83AF930012A7E1 /* Build configuration list for PBXProject "Touchy" */;
			compatibilityVersion = "Xcode 3.2";
			developmentRegion = English;
			hasScannedForEncodings = 0;
			knownRegions = (
				en,
				Base,
			);
			mainGroup = 8D5877CA1D83AF930012A7E1;
			productRefGroup = 8D5877D41D83AF930012A7E1 /* Products */;
			projectDirPath = "";
			projectRoot = "";
			targets = (
				8D5877D21D83AF930012A7E1 /* Touchy */,
			);
		};
/* End PBXProject section */

/* Begin PBXResourcesBuildPhase section */
		8D5877D11D83AF930012A7E1 /* Resources */ = {
			isa = PBXResourcesBuildPhase;
			buildActionMask = 2147483647;
			files = (
				8D5877E11D83AF930012A7E1 /* LaunchScreen.storyboard in Resources */,
				8D5877DE1D83AF930012A7E1 /* Assets.xcassets in Resources */,
				8D5877DC1D83AF930012A7E1 /* Main.storyboard in Resources */,
			);
			runOnlyForDeploymentPostprocessing = 0;
		};
/* End PBXResourcesBuildPhase section */

/* Begin PBXSourcesBuildPhase section */
		8D5877CF1D83AF930012A7E1 /* Sources */ = {
			isa = PBXSourcesBuildPhase;
			buildActionMask = 2147483647;
			files = (
				8D5877D91D83AF930012A7E1 /* AuthenticationVC.swift in Sources */,
				8D5877EC1D83B0B30012A7E1 /* RoundedOutlineButton.swift in Sources */,
				8D5877D71D83AF930012A7E1 /* AppDelegate.swift in Sources */,
			);
			runOnlyForDeploymentPostprocessing = 0;
		};
/* End PBXSourcesBuildPhase section */

/* Begin PBXVariantGroup section */
		8D5877DA1D83AF930012A7E1 /* Main.storyboard */ = {
			isa = PBXVariantGroup;
			children = (
				8D5877DB1D83AF930012A7E1 /* Base */,
			);
			name = Main.storyboard;
			sourceTree = "<group>";
		};
		8D5877DF1D83AF930012A7E1 /* LaunchScreen.storyboard */ = {
			isa = PBXVariantGroup;
			children = (
				8D5877E01D83AF930012A7E1 /* Base */,
			);
			name = LaunchScreen.storyboard;
			sourceTree = "<group>";
		};
/* End PBXVariantGroup section */

/* Begin XCBuildConfiguration section */
		8D5877E31D83AF930012A7E1 /* Debug */ = {
			isa = XCBuildConfiguration;
			buildSettings = {
				ALWAYS_SEARCH_USER_PATHS = NO;
				CLANG_ANALYZER_NONNULL = YES;
				CLANG_CXX_LANGUAGE_STANDARD = "gnu++0x";
				CLANG_CXX_LIBRARY = "libc++";
				CLANG_ENABLE_MODULES = YES;
				CLANG_ENABLE_OBJC_ARC = YES;
				CLANG_WARN_BOOL_CONVERSION = YES;
				CLANG_WARN_CONSTANT_CONVERSION = YES;
				CLANG_WARN_DIRECT_OBJC_ISA_USAGE = YES_ERROR;
				CLANG_WARN_DOCUMENTATION_COMMENTS = YES;
				CLANG_WARN_EMPTY_BODY = YES;
				CLANG_WARN_ENUM_CONVERSION = YES;
				CLANG_WARN_INFINITE_RECURSION = YES;
				CLANG_WARN_INT_CONVERSION = YES;
				CLANG_WARN_OBJC_ROOT_CLASS = YES_ERROR;
				CLANG_WARN_SUSPICIOUS_MOVES = YES;
				CLANG_WARN_UNREACHABLE_CODE = YES;
				CLANG_WARN__DUPLICATE_METHOD_MATCH = YES;
				"CODE_SIGN_IDENTITY[sdk=iphoneos*]" = "iPhone Developer";
				COPY_PHASE_STRIP = NO;
				DEBUG_INFORMATION_FORMAT = dwarf;
				ENABLE_STRICT_OBJC_MSGSEND = YES;
				ENABLE_TESTABILITY = YES;
				GCC_C_LANGUAGE_STANDARD = gnu99;
				GCC_DYNAMIC_NO_PIC = NO;
				GCC_NO_COMMON_BLOCKS = YES;
				GCC_OPTIMIZATION_LEVEL = 0;
				GCC_PREPROCESSOR_DEFINITIONS = (
					"DEBUG=1",
					"$(inherited)",
				);
				GCC_WARN_64_TO_32_BIT_CONVERSION = YES;
				GCC_WARN_ABOUT_RETURN_TYPE = YES_ERROR;
				GCC_WARN_UNDECLARED_SELECTOR = YES;
				GCC_WARN_UNINITIALIZED_AUTOS = YES_AGGRESSIVE;
				GCC_WARN_UNUSED_FUNCTION = YES;
				GCC_WARN_UNUSED_VARIABLE = YES;
				IPHONEOS_DEPLOYMENT_TARGET = 10.0;
				MTL_ENABLE_DEBUG_INFO = YES;
				ONLY_ACTIVE_ARCH = YES;
				SDKROOT = iphoneos;
				SWIFT_ACTIVE_COMPILATION_CONDITIONS = DEBUG;
				SWIFT_OPTIMIZATION_LEVEL = "-Onone";
				TARGETED_DEVICE_FAMILY = "1,2";
			};
			name = Debug;
		};
		8D5877E41D83AF930012A7E1 /* Release */ = {
			isa = XCBuildConfiguration;
			buildSettings = {
				ALWAYS_SEARCH_USER_PATHS = NO;
				CLANG_ANALYZER_NONNULL = YES;
				CLANG_CXX_LANGUAGE_STANDARD = "gnu++0x";
				CLANG_CXX_LIBRARY = "libc++";
				CLANG_ENABLE_MODULES = YES;
				CLANG_ENABLE_OBJC_ARC = YES;
				CLANG_WARN_BOOL_CONVERSION = YES;
				CLANG_WARN_CONSTANT_CONVERSION = YES;
				CLANG_WARN_DIRECT_OBJC_ISA_USAGE = YES_ERROR;
				CLANG_WARN_DOCUMENTATION_COMMENTS = YES;
				CLANG_WARN_EMPTY_BODY = YES;
				CLANG_WARN_ENUM_CONVERSION = YES;
				CLANG_WARN_INFINITE_RECURSION = YES;
				CLANG_WARN_INT_CONVERSION = YES;
				CLANG_WARN_OBJC_ROOT_CLASS = YES_ERROR;
				CLANG_WARN_SUSPICIOUS_MOVES = YES;
				CLANG_WARN_UNREACHABLE_CODE = YES;
				CLANG_WARN__DUPLICATE_METHOD_MATCH = YES;
				"CODE_SIGN_IDENTITY[sdk=iphoneos*]" = "iPhone Developer";
				COPY_PHASE_STRIP = NO;
				DEBUG_INFORMATION_FORMAT = "dwarf-with-dsym";
				ENABLE_NS_ASSERTIONS = NO;
				ENABLE_STRICT_OBJC_MSGSEND = YES;
				GCC_C_LANGUAGE_STANDARD = gnu99;
				GCC_NO_COMMON_BLOCKS = YES;
				GCC_WARN_64_TO_32_BIT_CONVERSION = YES;
				GCC_WARN_ABOUT_RETURN_TYPE = YES_ERROR;
				GCC_WARN_UNDECLARED_SELECTOR = YES;
				GCC_WARN_UNINITIALIZED_AUTOS = YES_AGGRESSIVE;
				GCC_WARN_UNUSED_FUNCTION = YES;
				GCC_WARN_UNUSED_VARIABLE = YES;
				IPHONEOS_DEPLOYMENT_TARGET = 10.0;
				MTL_ENABLE_DEBUG_INFO = NO;
				SDKROOT = iphoneos;
				SWIFT_OPTIMIZATION_LEVEL = "-Owholemodule";
				TARGETED_DEVICE_FAMILY = "1,2";
				VALIDATE_PRODUCT = YES;
			};
			name = Release;
		};
		8D5877E61D83AF930012A7E1 /* Debug */ = {
			isa = XCBuildConfiguration;
			buildSettings = {
				ASSETCATALOG_COMPILER_APPICON_NAME = AppIcon;
				DEVELOPMENT_TEAM = 2G7GKVJVL4;
				INFOPLIST_FILE = Touchy/Info.plist;
				LD_RUNPATH_SEARCH_PATHS = "$(inherited) @executable_path/Frameworks";
				PRODUCT_BUNDLE_IDENTIFIER = com.cipriani.Touchy;
				PRODUCT_NAME = "$(TARGET_NAME)";
				SWIFT_VERSION = 3.0;
			};
			name = Debug;
		};
		8D5877E71D83AF930012A7E1 /* Release */ = {
			isa = XCBuildConfiguration;
			buildSettings = {
				ASSETCATALOG_COMPILER_APPICON_NAME = AppIcon;
				DEVELOPMENT_TEAM = 2G7GKVJVL4;
				INFOPLIST_FILE = Touchy/Info.plist;
				LD_RUNPATH_SEARCH_PATHS = "$(inherited) @executable_path/Frameworks";
				PRODUCT_BUNDLE_IDENTIFIER = com.cipriani.Touchy;
				PRODUCT_NAME = "$(TARGET_NAME)";
				SWIFT_VERSION = 3.0;
			};
			name = Release;
		};
/* End XCBuildConfiguration section */

/* Begin XCConfigurationList section */
		8D5877CE1D83AF930012A7E1 /* Build configuration list for PBXProject "Touchy" */ = {
			isa = XCConfigurationList;
			buildConfigurations = (
				8D5877E31D83AF930012A7E1 /* Debug */,
				8D5877E41D83AF930012A7E1 /* Release */,
			);
			defaultConfigurationIsVisible = 0;
			defaultConfigurationName = Release;
		};
		8D5877E51D83AF930012A7E1 /* Build configuration list for PBXNativeTarget "Touchy" */ = {
			isa = XCConfigurationList;
			buildConfigurations = (
				8D5877E61D83AF930012A7E1 /* Debug */,
				8D5877E71D83AF930012A7E1 /* Release */,
			);
			defaultConfigurationIsVisible = 0;
		};
/* End XCConfigurationList section */
	};
	rootObject = 8D5877CB1D83AF930012A7E1 /* Project object */;
}
